<?xml version="1.0" encoding="utf-8"?>
<Project ToolsVersion="4.0" xmlns="http://schemas.microsoft.com/developer/msbuild/2003">
  <ItemGroup>
    <Filter Include="Source Files">
      <UniqueIdentifier>{4FC737F1-C7A5-4376-A066-2A32D752A2FF}</UniqueIdentifier>
      <Extensions>cpp;c;cc;cxx;c++;cppm;ixx;def;odl;idl;hpj;bat;asm;asmx</Extensions>
    </Filter>
    <Filter Include="Header Files">
      <UniqueIdentifier>{93995380-89BD-4b04-88EB-625FBE52EBFB}</UniqueIdentifier>
      <Extensions>h;hh;hpp;hxx;h++;hm;inl;inc;ipp;xsd</Extensions>
    </Filter>
    <Filter Include="Resource Files">
      <UniqueIdentifier>{67DA6AB6-F800-4c08-8B7A-83BB121AAD01}</UniqueIdentifier>
      <Extensions>rc;ico;cur;bmp;dlg;rc2;rct;bin;rgs;gif;jpg;jpeg;jpe;resx;tiff;tif;png;wav;mfcribbon-ms</Extensions>
    </Filter>
    <Filter Include="ch2">
      <UniqueIdentifier>{2cdafcff-158f-4225-9fa5-25af863b0236}</UniqueIdentifier>
    </Filter>
  </ItemGroup>
  <ItemGroup>
    <ClCompile Include="HeaderUnits.h">
      <Filter>Header Files</Filter>
    </ClCompile>
    <ClCompile Include="main.cpp">
      <Filter>Source Files</Filter>
    </ClCompile>
    <ClCompile Include="airline_ticket.cpp">
      <Filter>Source Files</Filter>
    </ClCompile>
    <ClCompile Include="airline_ticket.ixx">
      <Filter>Resource Files</Filter>
    </ClCompile>
    <ClCompile Include="hello_world.ixx">
      <Filter>Source Files</Filter>
    </ClCompile>
    <ClCompile Include="Employee.ixx">
      <Filter>Source Files</Filter>
    </ClCompile>
    <ClCompile Include="Employee.cpp">
      <Filter>Source Files</Filter>
    </ClCompile>
    <ClCompile Include="database.ixx">
      <Filter>Source Files</Filter>
    </ClCompile>
    <ClCompile Include="database.cpp">
      <Filter>Source Files</Filter>
    </ClCompile>
    <ClCompile Include="exercise_employee.ixx">
      <Filter>Source Files</Filter>
    </ClCompile>
    <ClCompile Include="spreadsheet_cell.ixx">
      <Filter>Source Files</Filter>
    </ClCompile>
    <ClCompile Include="spreadsheet_cell.cpp">
      <Filter>Source Files</Filter>
    </ClCompile>
    <ClCompile Include="Spreadsheet.ixx">
      <Filter>Resource Files</Filter>
    </ClCompile>
    <ClCompile Include="Person.ixx">
      <Filter>Resource Files</Filter>
    </ClCompile>
    <ClCompile Include="ch12_exercise.ixx">
      <Filter>Resource Files</Filter>
    </ClCompile>
    <ClCompile Include="ch13_example.ixx">
      <Filter>Source Files</Filter>
    </ClCompile>
    <ClCompile Include="ch14_exercise.ixx">
      <Filter>Source Files</Filter>
    </ClCompile>
    <ClCompile Include="ch15.ixx">
      <Filter>Source Files</Filter>
    </ClCompile>
    <ClCompile Include="ch17.ixx">
      <Filter>Source Files</Filter>
    </ClCompile>
    <ClCompile Include="ch18.ixx">
      <Filter>Source Files</Filter>
    </ClCompile>
    <ClCompile Include="phone_book_ch18.ixx">
      <Filter>Source Files</Filter>
    </ClCompile>
    <ClCompile Include="ch19.ixx">
      <Filter>Source Files</Filter>
    </ClCompile>
    <ClCompile Include="ch20.ixx">
      <Filter>Source Files</Filter>
    </ClCompile>
    <ClCompile Include="ch21.ixx">
      <Filter>Source Files</Filter>
    </ClCompile>
    <ClCompile Include="ch22.ixx">
      <Filter>Source Files</Filter>
    </ClCompile>
    <ClCompile Include="ch23.ixx">
      <Filter>Source Files</Filter>
    </ClCompile>
    <ClCompile Include="ch24.ixx">
      <Filter>Source Files</Filter>
    </ClCompile>
    <ClCompile Include="ch25.ixx">
      <Filter>Source Files</Filter>
    </ClCompile>
    <ClCompile Include="ch25_directed_graph_infra\const_adjacent_nodes_iterator_impl.ixx">
      <Filter>Source Files</Filter>
    </ClCompile>
    <ClCompile Include="ch25_directed_graph_infra\const_directed_graph_iterator_impl.ixx">
      <Filter>Source Files</Filter>
    </ClCompile>
    <ClCompile Include="ch25_directed_graph_infra\directed_graph.ixx">
      <Filter>Source Files</Filter>
    </ClCompile>
    <ClCompile Include="ch25_directed_graph_infra\directed_graph_to_dot.ixx">
      <Filter>Source Files</Filter>
    </ClCompile>
    <ClCompile Include="ch25_directed_graph_infra\graph_node.ixx">
      <Filter>Source Files</Filter>
    </ClCompile>
    <ClCompile Include="ch26.ixx">
      <Filter>Source Files</Filter>
    </ClCompile>
    <ClCompile Include="ch27.ixx">
      <Filter>Source Files</Filter>
    </ClCompile>
    <ClCompile Include="ch29.ixx">
      <Filter>Source Files</Filter>
    </ClCompile>
    <ClCompile Include="ch31.ixx">
      <Filter>Source Files</Filter>
    </ClCompile>
    <ClCompile Include="ch32.ixx">
      <Filter>Source Files</Filter>
    </ClCompile>
    <ClCompile Include="ch34.ixx">
      <Filter>Source Files</Filter>
    </ClCompile>
  </ItemGroup>
  <ItemGroup>
    <Text Include="data.txt" />
  </ItemGroup>
</Project>